# This file is automatically @generated by Cargo.
# It is not intended for manual editing.
version = 3

[[package]]
name = "advent-of-code"
version = "0.1.0"
dependencies = [
 "common",
 "itertools",
 "lazy_static",
 "maplit",
]

[[package]]
name = "common"
version = "0.1.0"

[[package]]
name = "day01"
version = "0.1.0"
dependencies = [
 "common",
]

[[package]]
name = "day02"
version = "0.1.0"
dependencies = [
 "common",
 "lazy_static",
 "maplit",
]

[[package]]
name = "day03"
version = "0.1.0"
dependencies = [
 "common",
]

[[package]]
name = "day04"
version = "0.1.0"
dependencies = [
 "common",
]

[[package]]
name = "day05"
version = "0.1.0"
dependencies = [
 "common",
 "itertools",
]

[[package]]
name = "either"
version = "1.12.0"
source = "registry+https://github.com/rust-lang/crates.io-index"
checksum = "3dca9240753cf90908d7e4aac30f630662b02aebaa1b58a3cadabdb23385b58b"

[[package]]
name = "itertools"
version = "0.10.5"
source = "registry+https://github.com/rust-lang/crates.io-index"
checksum = "b0fd2260e829bddf4cb6ea802289de2f86d6a7a690192fbe91b3f46e0f2c8473"
dependencies = [
 "either",
]

[[package]]
name = "lazy_static"
version = "1.4.0"
source = "registry+https://github.com/rust-lang/crates.io-index"
checksum = "e2abad23fbc42b3700f2f279844dc832adb2b2eb069b2df918f455c4e18cc646"

[[package]]
name = "maplit"
version = "1.0.2"
source = "registry+https://github.com/rust-lang/crates.io-index"
checksum = "3e2e65a1a2e43cfcb47a895c4c8b10d1f4a61097f9f254f183aee60cad9c651d"
