# This file is automatically @generated by Cargo.
# It is not intended for manual editing.
version = 4

[[package]]
name = "advent-of-code"
version = "0.1.0"
dependencies = [
 "atoi",
 "common",
 "itertools",
 "lazy_static",
 "maplit",
]

[[package]]
name = "atoi"
version = "2.0.0"
source = "registry+https://github.com/rust-lang/crates.io-index"
checksum = "f28d99ec8bfea296261ca1af174f24225171fea9664ba9003cbebee704810528"
dependencies = [
 "num-traits",
]

[[package]]
name = "autocfg"
version = "1.4.0"
source = "registry+https://github.com/rust-lang/crates.io-index"
checksum = "ace50bade8e6234aa140d9a2f552bbee1db4d353f69b8217bc503490fc1a9f26"

[[package]]
name = "common"
version = "0.1.0"

[[package]]
name = "day01"
version = "0.1.0"
dependencies = [
 "common",
]

[[package]]
name = "day02"
version = "0.1.0"
dependencies = [
 "common",
 "lazy_static",
 "maplit",
]

[[package]]
name = "day03"
version = "0.1.0"
dependencies = [
 "common",
]

[[package]]
name = "day04"
version = "0.1.0"
dependencies = [
 "common",
]

[[package]]
name = "day05"
version = "0.1.0"
dependencies = [
 "common",
 "itertools",
]

[[package]]
name = "day06"
version = "0.1.0"
dependencies = [
 "common",
 "itertools",
]

[[package]]
name = "day07"
version = "0.1.0"
dependencies = [
 "atoi",
 "common",
]

[[package]]
name = "day08"
version = "0.1.0"
dependencies = [
 "common",
]

[[package]]
name = "day09"
version = "0.1.0"
dependencies = [
 "common",
]

[[package]]
name = "day10"
version = "0.1.0"
dependencies = [
 "common",
]

[[package]]
name = "either"
version = "1.15.0"
source = "registry+https://github.com/rust-lang/crates.io-index"
checksum = "48c757948c5ede0e46177b7add2e67155f70e33c07fea8284df6576da70b3719"

[[package]]
name = "itertools"
version = "0.10.5"
source = "registry+https://github.com/rust-lang/crates.io-index"
checksum = "b0fd2260e829bddf4cb6ea802289de2f86d6a7a690192fbe91b3f46e0f2c8473"
dependencies = [
 "either",
]

[[package]]
name = "lazy_static"
version = "1.5.0"
source = "registry+https://github.com/rust-lang/crates.io-index"
checksum = "bbd2bcb4c963f2ddae06a2efc7e9f3591312473c50c6685e1f298068316e66fe"

[[package]]
name = "maplit"
version = "1.0.2"
source = "registry+https://github.com/rust-lang/crates.io-index"
checksum = "3e2e65a1a2e43cfcb47a895c4c8b10d1f4a61097f9f254f183aee60cad9c651d"

[[package]]
name = "num-traits"
version = "0.2.19"
source = "registry+https://github.com/rust-lang/crates.io-index"
checksum = "071dfc062690e90b734c0b2273ce72ad0ffa95f0c74596bc250dcfd960262841"
dependencies = [
 "autocfg",
]
